
Microsoft Visual Studio Solution File, Format Version 12.00
# Visual Studio Version 16
VisualStudioVersion = 16.0.30114.105
MinimumVisualStudioVersion = 10.0.40219.1
Project("{FAE04EC0-301F-11D3-BF4B-00C04F79EFBC}") = "API", "API\API.csproj", "{E450156D-CE5E-4177-A11D-D6E51F7F199A}"
EndProject
Project("{FAE04EC0-301F-11D3-BF4B-00C04F79EFBC}") = "Application", "Application\Application.csproj", "{B0307D19-C024-4C77-9301-E97602E2265D}"
EndProject
Project("{FAE04EC0-301F-11D3-BF4B-00C04F79EFBC}") = "Persistence", "Persistence\Persistence.csproj", "{70EBD239-712D-4F8A-A8ED-B8DA5763E803}"
EndProject
Project("{FAE04EC0-301F-11D3-BF4B-00C04F79EFBC}") = "Domain", "Domain\Domain.csproj", "{6C1EFBDE-B056-45A4-BEF1-9B997F1BB924}"
EndProject
Global
	GlobalSection(SolutionConfigurationPlatforms) = preSolution
		Debug|Any CPU = Debug|Any CPU
		Release|Any CPU = Release|Any CPU
	EndGlobalSection
	GlobalSection(SolutionProperties) = preSolution
		HideSolutionNode = FALSE
	EndGlobalSection
	GlobalSection(ProjectConfigurationPlatforms) = postSolution
		{E450156D-CE5E-4177-A11D-D6E51F7F199A}.Debug|Any CPU.ActiveCfg = Debug|Any CPU
		{E450156D-CE5E-4177-A11D-D6E51F7F199A}.Debug|Any CPU.Build.0 = Debug|Any CPU
		{E450156D-CE5E-4177-A11D-D6E51F7F199A}.Release|Any CPU.ActiveCfg = Release|Any CPU
		{E450156D-CE5E-4177-A11D-D6E51F7F199A}.Release|Any CPU.Build.0 = Release|Any CPU
		{B0307D19-C024-4C77-9301-E97602E2265D}.Debug|Any CPU.ActiveCfg = Debug|Any CPU
		{B0307D19-C024-4C77-9301-E97602E2265D}.Debug|Any CPU.Build.0 = Debug|Any CPU
		{B0307D19-C024-4C77-9301-E97602E2265D}.Release|Any CPU.ActiveCfg = Release|Any CPU
		{B0307D19-C024-4C77-9301-E97602E2265D}.Release|Any CPU.Build.0 = Release|Any CPU
		{70EBD239-712D-4F8A-A8ED-B8DA5763E803}.Debug|Any CPU.ActiveCfg = Debug|Any CPU
		{70EBD239-712D-4F8A-A8ED-B8DA5763E803}.Debug|Any CPU.Build.0 = Debug|Any CPU
		{70EBD239-712D-4F8A-A8ED-B8DA5763E803}.Release|Any CPU.ActiveCfg = Release|Any CPU
		{70EBD239-712D-4F8A-A8ED-B8DA5763E803}.Release|Any CPU.Build.0 = Release|Any CPU
		{6C1EFBDE-B056-45A4-BEF1-9B997F1BB924}.Debug|Any CPU.ActiveCfg = Debug|Any CPU
		{6C1EFBDE-B056-45A4-BEF1-9B997F1BB924}.Debug|Any CPU.Build.0 = Debug|Any CPU
		{6C1EFBDE-B056-45A4-BEF1-9B997F1BB924}.Release|Any CPU.ActiveCfg = Release|Any CPU
		{6C1EFBDE-B056-45A4-BEF1-9B997F1BB924}.Release|Any CPU.Build.0 = Release|Any CPU
	EndGlobalSection
EndGlobal
